{
  "name": "HiQ-SSK-chatbot-app",
  "lockfileVersion": 3,
  "requires": true,
  "packages": {
***REMOVED***"": {
***REMOVED***  "devDependencies": {
***REMOVED***"react-router-dom": "^7.6.0"
  ***REMOVED***
***REMOVED***,
***REMOVED***"node_modules/cookie": {
***REMOVED***  "version": "1.0.2",
***REMOVED***  "resolved": "https://registry.npmjs.org/cookie/-/cookie-1.0.2.tgz",
***REMOVED***  "integrity": "sha512-9Kr/j4O16ISv8zBBhJoi4bXOYNTkFLOqSL3UDB0njXxCXNezjeyVrJyGOWtgfs/q2km1gwBcfH8q1yEGoMYunA==",
***REMOVED***  "dev": true,
***REMOVED***  "license": "MIT",
***REMOVED***  "engines": {
***REMOVED***"node": ">=18"
  ***REMOVED***
***REMOVED***,
***REMOVED***"node_modules/react": {
***REMOVED***  "version": "19.1.0",
***REMOVED***  "resolved": "https://registry.npmjs.org/react/-/react-19.1.0.tgz",
***REMOVED***  "integrity": "sha512-FS+XFBNvn3GTAWq26joslQgWNoFu08F4kl0J4CgdNKADkdSGXQyTCnKteIAJy96Br6YbpEU1LSzV5dYtjMkMDg==",
***REMOVED***  "dev": true,
***REMOVED***  "license": "MIT",
***REMOVED***  "peer": true,
***REMOVED***  "engines": {
***REMOVED***"node": ">=0.10.0"
  ***REMOVED***
***REMOVED***,
***REMOVED***"node_modules/react-dom": {
***REMOVED***  "version": "19.1.0",
***REMOVED***  "resolved": "https://registry.npmjs.org/react-dom/-/react-dom-19.1.0.tgz",
***REMOVED***  "integrity": "sha512-Xs1hdnE+DyKgeHJeJznQmYMIBG3TKIHJJT95Q58nHLSrElKlGQqDTR2HQ9fx5CN/Gk6Vh/kupBTDLU11/nDk/g==",
***REMOVED***  "dev": true,
***REMOVED***  "license": "MIT",
***REMOVED***  "peer": true,
***REMOVED***  "dependencies": {
***REMOVED***"scheduler": "^0.26.0"
  ***REMOVED***,
***REMOVED***  "peerDependencies": {
***REMOVED***"react": "^19.1.0"
  ***REMOVED***
***REMOVED***,
***REMOVED***"node_modules/react-router": {
***REMOVED***  "version": "7.6.0",
***REMOVED***  "resolved": "https://registry.npmjs.org/react-router/-/react-router-7.6.0.tgz",
***REMOVED***  "integrity": "sha512-GGufuHIVCJDbnIAXP3P9Sxzq3UUsddG3rrI3ut1q6m0FI6vxVBF3JoPQ38+W/blslLH4a5Yutp8drkEpXoddGQ==",
***REMOVED***  "dev": true,
***REMOVED***  "license": "MIT",
***REMOVED***  "dependencies": {
***REMOVED***"cookie": "^1.0.1",
***REMOVED***"set-cookie-parser": "^2.6.0"
  ***REMOVED***,
***REMOVED***  "engines": {
***REMOVED***"node": ">=20.0.0"
  ***REMOVED***,
***REMOVED***  "peerDependencies": {
***REMOVED***"react": ">=18",
***REMOVED***"react-dom": ">=18"
  ***REMOVED***,
***REMOVED***  "peerDependenciesMeta": {
***REMOVED***"react-dom": {
***REMOVED***  "optional": true
***REMOVED***
  ***REMOVED***
***REMOVED***,
***REMOVED***"node_modules/react-router-dom": {
***REMOVED***  "version": "7.6.0",
***REMOVED***  "resolved": "https://registry.npmjs.org/react-router-dom/-/react-router-dom-7.6.0.tgz",
***REMOVED***  "integrity": "sha512-DYgm6RDEuKdopSyGOWZGtDfSm7Aofb8CCzgkliTjtu/eDuB0gcsv6qdFhhi8HdtmA+KHkt5MfZ5K2PdzjugYsA==",
***REMOVED***  "dev": true,
***REMOVED***  "license": "MIT",
***REMOVED***  "dependencies": {
***REMOVED***"react-router": "7.6.0"
  ***REMOVED***,
***REMOVED***  "engines": {
***REMOVED***"node": ">=20.0.0"
  ***REMOVED***,
***REMOVED***  "peerDependencies": {
***REMOVED***"react": ">=18",
***REMOVED***"react-dom": ">=18"
  ***REMOVED***
***REMOVED***,
***REMOVED***"node_modules/scheduler": {
***REMOVED***  "version": "0.26.0",
***REMOVED***  "resolved": "https://registry.npmjs.org/scheduler/-/scheduler-0.26.0.tgz",
***REMOVED***  "integrity": "sha512-NlHwttCI/l5gCPR3D1nNXtWABUmBwvZpEQiD4IXSbIDq8BzLIK/7Ir5gTFSGZDUu37K5cMNp0hFtzO38sC7gWA==",
***REMOVED***  "dev": true,
***REMOVED***  "license": "MIT",
***REMOVED***  "peer": true
***REMOVED***,
***REMOVED***"node_modules/set-cookie-parser": {
***REMOVED***  "version": "2.7.1",
***REMOVED***  "resolved": "https://registry.npmjs.org/set-cookie-parser/-/set-cookie-parser-2.7.1.tgz",
***REMOVED***  "integrity": "sha512-IOc8uWeOZgnb3ptbCURJWNjWUPcO3ZnTTdzsurqERrP6nPyv+paC55vJM0LpOlT2ne+Ix+9+CRG1MNLlyZ4GjQ==",
***REMOVED***  "dev": true,
***REMOVED***  "license": "MIT"
***REMOVED***
  }
}
